lockfileVersion: '6.0'

settings:
  autoInstallPeers: true
  excludeLinksFromLockfile: false

dependencies:
  picocolors:
    specifier: ^1.1.0
    version: 1.1.1

devDependencies:
  '@types/node':
    specifier: ^22.0.0
    version: 22.19.3
  prettier:
    specifier: ^3.7.4
    version: 3.7.4
  tsdown:
    specifier: ~0.18.0
    version: 0.18.0(typescript@5.9.3)
  typescript:
    specifier: ^5.9.3
    version: 5.9.3
  vite:
    specifier: ^7.0.0
    version: 7.3.0(@types/node@22.19.3)

packages:

  /@babel/generator@7.28.5:
    resolution: {integrity: sha512-3EwLFhZ38J4VyIP6WNtt2kUdW9dokXA9Cr4IVIFHuCpZ3H8/YFOl5JjZHisrn1fATPBmKKqXzDFvh9fUwHz6CQ==}
    engines: {node: '>=6.9.0'}
    dependencies:
      '@babel/parser': 7.28.5
      '@babel/types': 7.28.5
      '@jridgewell/gen-mapping': 0.3.13
      '@jridgewell/trace-mapping': 0.3.31
      jsesc: 3.1.0
    dev: true

  /@babel/helper-string-parser@7.27.1:
    resolution: {integrity: sha512-qMlSxKbpRlAridDExk92nSobyDdpPijUq2DW6oDnUqd0iOGxmQjyqhMIihI9+zv4LPyZdRje2cavWPbCbWm3eA==}
    engines: {node: '>=6.9.0'}
    dev: true

  /@babel/helper-validator-identifier@7.28.5:
    resolution: {integrity: sha512-qSs4ifwzKJSV39ucNjsvc6WVHs6b7S03sOh2OcHF9UHfVPqWWALUsNUVzhSBiItjRZoLHx7nIarVjqKVusUZ1Q==}
    engines: {node: '>=6.9.0'}
    dev: true

  /@babel/parser@7.28.5:
    resolution: {integrity: sha512-KKBU1VGYR7ORr3At5HAtUQ+TV3SzRCXmA/8OdDZiLDBIZxVyzXuztPjfLd3BV1PRAQGCMWWSHYhL0F8d5uHBDQ==}
    engines: {node: '>=6.0.0'}
    dependencies:
      '@babel/types': 7.28.5
    dev: true

  /@babel/types@7.28.5:
    resolution: {integrity: sha512-qQ5m48eI/MFLQ5PxQj4PFaprjyCTLI37ElWMmNs0K8Lk3dVeOdNpB3ks8jc7yM5CDmVC73eMVk/trk3fgmrUpA==}
    engines: {node: '>=6.9.0'}
    dependencies:
      '@babel/helper-string-parser': 7.27.1
      '@babel/helper-validator-identifier': 7.28.5
    dev: true

  /@emnapi/core@1.7.1:
    resolution: {integrity: sha512-o1uhUASyo921r2XtHYOHy7gdkGLge8ghBEQHMWmyJFoXlpU58kIrhhN3w26lpQb6dspetweapMn2CSNwQ8I4wg==}
    requiresBuild: true
    dependencies:
      '@emnapi/wasi-threads': 1.1.0
      tslib: 2.8.1
    dev: true
    optional: true

  /@emnapi/runtime@1.7.1:
    resolution: {integrity: sha512-PVtJr5CmLwYAU9PZDMITZoR5iAOShYREoR45EyyLrbntV50mdePTgUn4AmOw90Ifcj+x2kRjdzr1HP3RrNiHGA==}
    requiresBuild: true
    dependencies:
      tslib: 2.8.1
    dev: true
    optional: true

  /@emnapi/wasi-threads@1.1.0:
    resolution: {integrity: sha512-WI0DdZ8xFSbgMjR1sFsKABJ/C5OnRrjT06JXbZKexJGrDuPTzZdDYfFlsgcCXCyf+suG5QU2e/y1Wo2V/OapLQ==}
    requiresBuild: true
    dependencies:
      tslib: 2.8.1
    dev: true
    optional: true

  /@esbuild/aix-ppc64@0.27.1:
    resolution: {integrity: sha512-HHB50pdsBX6k47S4u5g/CaLjqS3qwaOVE5ILsq64jyzgMhLuCuZ8rGzM9yhsAjfjkbgUPMzZEPa7DAp7yz6vuA==}
    engines: {node: '>=18'}
    cpu: [ppc64]
    os: [aix]
    requiresBuild: true
    dev: true
    optional: true

  /@esbuild/android-arm64@0.27.1:
    resolution: {integrity: sha512-45fuKmAJpxnQWixOGCrS+ro4Uvb4Re9+UTieUY2f8AEc+t7d4AaZ6eUJ3Hva7dtrxAAWHtlEFsXFMAgNnGU9uQ==}
    engines: {node: '>=18'}
    cpu: [arm64]
    os: [android]
    requiresBuild: true
    dev: true
    optional: true

  /@esbuild/android-arm@0.27.1:
    resolution: {integrity: sha512-kFqa6/UcaTbGm/NncN9kzVOODjhZW8e+FRdSeypWe6j33gzclHtwlANs26JrupOntlcWmB0u8+8HZo8s7thHvg==}
    engines: {node: '>=18'}
    cpu: [arm]
    os: [android]
    requiresBuild: true
    dev: true
    optional: true

  /@esbuild/android-x64@0.27.1:
    resolution: {integrity: sha512-LBEpOz0BsgMEeHgenf5aqmn/lLNTFXVfoWMUox8CtWWYK9X4jmQzWjoGoNb8lmAYml/tQ/Ysvm8q7szu7BoxRQ==}
    engines: {node: '>=18'}
    cpu: [x64]
    os: [android]
    requiresBuild: true
    dev: true
    optional: true

  /@esbuild/darwin-arm64@0.27.1:
    resolution: {integrity: sha512-veg7fL8eMSCVKL7IW4pxb54QERtedFDfY/ASrumK/SbFsXnRazxY4YykN/THYqFnFwJ0aVjiUrVG2PwcdAEqQQ==}
    engines: {node: '>=18'}
    cpu: [arm64]
    os: [darwin]
    requiresBuild: true
    dev: true
    optional: true

  /@esbuild/darwin-x64@0.27.1:
    resolution: {integrity: sha512-+3ELd+nTzhfWb07Vol7EZ+5PTbJ/u74nC6iv4/lwIU99Ip5uuY6QoIf0Hn4m2HoV0qcnRivN3KSqc+FyCHjoVQ==}
    engines: {node: '>=18'}
    cpu: [x64]
    os: [darwin]
    requiresBuild: true
    dev: true
    optional: true

  /@esbuild/freebsd-arm64@0.27.1:
    resolution: {integrity: sha512-/8Rfgns4XD9XOSXlzUDepG8PX+AVWHliYlUkFI3K3GB6tqbdjYqdhcb4BKRd7C0BhZSoaCxhv8kTcBrcZWP+xg==}
    engines: {node: '>=18'}
    cpu: [arm64]
    os: [freebsd]
    requiresBuild: true
    dev: true
    optional: true

  /@esbuild/freebsd-x64@0.27.1:
    resolution: {integrity: sha512-GITpD8dK9C+r+5yRT/UKVT36h/DQLOHdwGVwwoHidlnA168oD3uxA878XloXebK4Ul3gDBBIvEdL7go9gCUFzQ==}
    engines: {node: '>=18'}
    cpu: [x64]
    os: [freebsd]
    requiresBuild: true
    dev: true
    optional: true

  /@esbuild/linux-arm64@0.27.1:
    resolution: {integrity: sha512-W9//kCrh/6in9rWIBdKaMtuTTzNj6jSeG/haWBADqLLa9P8O5YSRDzgD5y9QBok4AYlzS6ARHifAb75V6G670Q==}
    engines: {node: '>=18'}
    cpu: [arm64]
    os: [linux]
    requiresBuild: true
    dev: true
    optional: true

  /@esbuild/linux-arm@0.27.1:
    resolution: {integrity: sha512-ieMID0JRZY/ZeCrsFQ3Y3NlHNCqIhTprJfDgSB3/lv5jJZ8FX3hqPyXWhe+gvS5ARMBJ242PM+VNz/ctNj//eA==}
    engines: {node: '>=18'}
    cpu: [arm]
    os: [linux]
    requiresBuild: true
    dev: true
    optional: true

  /@esbuild/linux-ia32@0.27.1:
    resolution: {integrity: sha512-VIUV4z8GD8rtSVMfAj1aXFahsi/+tcoXXNYmXgzISL+KB381vbSTNdeZHHHIYqFyXcoEhu9n5cT+05tRv13rlw==}
    engines: {node: '>=18'}
    cpu: [ia32]
    os: [linux]
    requiresBuild: true
    dev: true
    optional: true

  /@esbuild/linux-loong64@0.27.1:
    resolution: {integrity: sha512-l4rfiiJRN7sTNI//ff65zJ9z8U+k6zcCg0LALU5iEWzY+a1mVZ8iWC1k5EsNKThZ7XCQ6YWtsZ8EWYm7r1UEsg==}
    engines: {node: '>=18'}
    cpu: [loong64]
    os: [linux]
    requiresBuild: true
    dev: true
    optional: true

  /@esbuild/linux-mips64el@0.27.1:
    resolution: {integrity: sha512-U0bEuAOLvO/DWFdygTHWY8C067FXz+UbzKgxYhXC0fDieFa0kDIra1FAhsAARRJbvEyso8aAqvPdNxzWuStBnA==}
    engines: {node: '>=18'}
    cpu: [mips64el]
    os: [linux]
    requiresBuild: true
    dev: true
    optional: true

  /@esbuild/linux-ppc64@0.27.1:
    resolution: {integrity: sha512-NzdQ/Xwu6vPSf/GkdmRNsOfIeSGnh7muundsWItmBsVpMoNPVpM61qNzAVY3pZ1glzzAxLR40UyYM23eaDDbYQ==}
    engines: {node: '>=18'}
    cpu: [ppc64]
    os: [linux]
    requiresBuild: true
    dev: true
    optional: true

  /@esbuild/linux-riscv64@0.27.1:
    resolution: {integrity: sha512-7zlw8p3IApcsN7mFw0O1Z1PyEk6PlKMu18roImfl3iQHTnr/yAfYv6s4hXPidbDoI2Q0pW+5xeoM4eTCC0UdrQ==}
    engines: {node: '>=18'}
    cpu: [riscv64]
    os: [linux]
    requiresBuild: true
    dev: true
    optional: true

  /@esbuild/linux-s390x@0.27.1:
    resolution: {integrity: sha512-cGj5wli+G+nkVQdZo3+7FDKC25Uh4ZVwOAK6A06Hsvgr8WqBBuOy/1s+PUEd/6Je+vjfm6stX0kmib5b/O2Ykw==}
    engines: {node: '>=18'}
    cpu: [s390x]
    os: [linux]
    requiresBuild: true
    dev: true
    optional: true

  /@esbuild/linux-x64@0.27.1:
    resolution: {integrity: sha512-z3H/HYI9MM0HTv3hQZ81f+AKb+yEoCRlUby1F80vbQ5XdzEMyY/9iNlAmhqiBKw4MJXwfgsh7ERGEOhrM1niMA==}
    engines: {node: '>=18'}
    cpu: [x64]
    os: [linux]
    requiresBuild: true
    dev: true
    optional: true

  /@esbuild/netbsd-arm64@0.27.1:
    resolution: {integrity: sha512-wzC24DxAvk8Em01YmVXyjl96Mr+ecTPyOuADAvjGg+fyBpGmxmcr2E5ttf7Im8D0sXZihpxzO1isus8MdjMCXQ==}
    engines: {node: '>=18'}
    cpu: [arm64]
    os: [netbsd]
    requiresBuild: true
    dev: true
    optional: true

  /@esbuild/netbsd-x64@0.27.1:
    resolution: {integrity: sha512-1YQ8ybGi2yIXswu6eNzJsrYIGFpnlzEWRl6iR5gMgmsrR0FcNoV1m9k9sc3PuP5rUBLshOZylc9nqSgymI+TYg==}
    engines: {node: '>=18'}
    cpu: [x64]
    os: [netbsd]
    requiresBuild: true
    dev: true
    optional: true

  /@esbuild/openbsd-arm64@0.27.1:
    resolution: {integrity: sha512-5Z+DzLCrq5wmU7RDaMDe2DVXMRm2tTDvX2KU14JJVBN2CT/qov7XVix85QoJqHltpvAOZUAc3ndU56HSMWrv8g==}
    engines: {node: '>=18'}
    cpu: [arm64]
    os: [openbsd]
    requiresBuild: true
    dev: true
    optional: true

  /@esbuild/openbsd-x64@0.27.1:
    resolution: {integrity: sha512-Q73ENzIdPF5jap4wqLtsfh8YbYSZ8Q0wnxplOlZUOyZy7B4ZKW8DXGWgTCZmF8VWD7Tciwv5F4NsRf6vYlZtqg==}
    engines: {node: '>=18'}
    cpu: [x64]
    os: [openbsd]
    requiresBuild: true
    dev: true
    optional: true

  /@esbuild/openharmony-arm64@0.27.1:
    resolution: {integrity: sha512-ajbHrGM/XiK+sXM0JzEbJAen+0E+JMQZ2l4RR4VFwvV9JEERx+oxtgkpoKv1SevhjavK2z2ReHk32pjzktWbGg==}
    engines: {node: '>=18'}
    cpu: [arm64]
    os: [openharmony]
    requiresBuild: true
    dev: true
    optional: true

  /@esbuild/sunos-x64@0.27.1:
    resolution: {integrity: sha512-IPUW+y4VIjuDVn+OMzHc5FV4GubIwPnsz6ubkvN8cuhEqH81NovB53IUlrlBkPMEPxvNnf79MGBoz8rZ2iW8HA==}
    engines: {node: '>=18'}
    cpu: [x64]
    os: [sunos]
    requiresBuild: true
    dev: true
    optional: true

  /@esbuild/win32-arm64@0.27.1:
    resolution: {integrity: sha512-RIVRWiljWA6CdVu8zkWcRmGP7iRRIIwvhDKem8UMBjPql2TXM5PkDVvvrzMtj1V+WFPB4K7zkIGM7VzRtFkjdg==}
    engines: {node: '>=18'}
    cpu: [arm64]
    os: [win32]
    requiresBuild: true
    dev: true
    optional: true

  /@esbuild/win32-ia32@0.27.1:
    resolution: {integrity: sha512-2BR5M8CPbptC1AK5JbJT1fWrHLvejwZidKx3UMSF0ecHMa+smhi16drIrCEggkgviBwLYd5nwrFLSl5Kho96RQ==}
    engines: {node: '>=18'}
    cpu: [ia32]
    os: [win32]
    requiresBuild: true
    dev: true
    optional: true

  /@esbuild/win32-x64@0.27.1:
    resolution: {integrity: sha512-d5X6RMYv6taIymSk8JBP+nxv8DQAMY6A51GPgusqLdK9wBz5wWIXy1KjTck6HnjE9hqJzJRdk+1p/t5soSbCtw==}
    engines: {node: '>=18'}
    cpu: [x64]
    os: [win32]
    requiresBuild: true
    dev: true
    optional: true

  /@jridgewell/gen-mapping@0.3.13:
    resolution: {integrity: sha512-2kkt/7niJ6MgEPxF0bYdQ6etZaA+fQvDcLKckhy1yIQOzaoKjBBjSj63/aLVjYE3qhRt5dvM+uUyfCg6UKCBbA==}
    dependencies:
      '@jridgewell/sourcemap-codec': 1.5.5
      '@jridgewell/trace-mapping': 0.3.31
    dev: true

  /@jridgewell/resolve-uri@3.1.2:
    resolution: {integrity: sha512-bRISgCIjP20/tbWSPWMEi54QVPRZExkuD9lJL+UIxUKtwVJA8wW1Trb1jMs1RFXo1CBTNZ/5hpC9QvmKWdopKw==}
    engines: {node: '>=6.0.0'}
    dev: true

  /@jridgewell/sourcemap-codec@1.5.5:
    resolution: {integrity: sha512-cYQ9310grqxueWbl+WuIUIaiUaDcj7WOq5fVhEljNVgRfOUhY9fy2zTvfoqWsnebh8Sl70VScFbICvJnLKB0Og==}
    dev: true

  /@jridgewell/trace-mapping@0.3.31:
    resolution: {integrity: sha512-zzNR+SdQSDJzc8joaeP8QQoCQr8NuYx2dIIytl1QeBEZHJ9uW6hebsrYgbz8hJwUQao3TWCMtmfV8Nu1twOLAw==}
    dependencies:
      '@jridgewell/resolve-uri': 3.1.2
      '@jridgewell/sourcemap-codec': 1.5.5
    dev: true

  /@napi-rs/wasm-runtime@1.1.0:
    resolution: {integrity: sha512-Fq6DJW+Bb5jaWE69/qOE0D1TUN9+6uWhCeZpdnSBk14pjLcCWR7Q8n49PTSPHazM37JqrsdpEthXy2xn6jWWiA==}
    requiresBuild: true
    dependencies:
      '@emnapi/core': 1.7.1
      '@emnapi/runtime': 1.7.1
      '@tybys/wasm-util': 0.10.1
    dev: true
    optional: true

  /@oxc-project/types@0.101.0:
    resolution: {integrity: sha512-nuFhqlUzJX+gVIPPfuE6xurd4lST3mdcWOhyK/rZO0B9XWMKm79SuszIQEnSMmmDhq1DC8WWVYGVd+6F93o1gQ==}
    dev: true

  /@quansync/fs@1.0.0:
    resolution: {integrity: sha512-4TJ3DFtlf1L5LDMaM6CanJ/0lckGNtJcMjQ1NAV6zDmA0tEHKZtxNKin8EgPaVX1YzljbxckyT2tJrpQKAtngQ==}
    dependencies:
      quansync: 1.0.0
    dev: true

  /@rolldown/binding-android-arm64@1.0.0-beta.53:
    resolution: {integrity: sha512-Ok9V8o7o6YfSdTTYA/uHH30r3YtOxLD6G3wih/U9DO0ucBBFq8WPt/DslU53OgfteLRHITZny9N/qCUxMf9kjQ==}
    engines: {node: ^20.19.0 || >=22.12.0}
    cpu: [arm64]
    os: [android]
    requiresBuild: true
    dev: true
    optional: true

  /@rolldown/binding-darwin-arm64@1.0.0-beta.53:
    resolution: {integrity: sha512-yIsKqMz0CtRnVa6x3Pa+mzTihr4Ty+Z6HfPbZ7RVbk1Uxnco4+CUn7Qbm/5SBol1JD/7nvY8rphAgyAi7Lj6Vg==}
    engines: {node: ^20.19.0 || >=22.12.0}
    cpu: [arm64]
    os: [darwin]
    requiresBuild: true
    dev: true
    optional: true

  /@rolldown/binding-darwin-x64@1.0.0-beta.53:
    resolution: {integrity: sha512-GTXe+mxsCGUnJOFMhfGWmefP7Q9TpYUseHvhAhr21nCTgdS8jPsvirb0tJwM3lN0/u/cg7bpFNa16fQrjKrCjQ==}
    engines: {node: ^20.19.0 || >=22.12.0}
    cpu: [x64]
    os: [darwin]
    requiresBuild: true
    dev: true
    optional: true

  /@rolldown/binding-freebsd-x64@1.0.0-beta.53:
    resolution: {integrity: sha512-9Tmp7bBvKqyDkMcL4e089pH3RsjD3SUungjmqWtyhNOxoQMh0fSmINTyYV8KXtE+JkxYMPWvnEt+/mfpVCkk8w==}
    engines: {node: ^20.19.0 || >=22.12.0}
    cpu: [x64]
    os: [freebsd]
    requiresBuild: true
    dev: true
    optional: true

  /@rolldown/binding-linux-arm-gnueabihf@1.0.0-beta.53:
    resolution: {integrity: sha512-a1y5fiB0iovuzdbjUxa7+Zcvgv+mTmlGGC4XydVIsyl48eoxgaYkA3l9079hyTyhECsPq+mbr0gVQsFU11OJAQ==}
    engines: {node: ^20.19.0 || >=22.12.0}
    cpu: [arm]
    os: [linux]
    requiresBuild: true
    dev: true
    optional: true

  /@rolldown/binding-linux-arm64-gnu@1.0.0-beta.53:
    resolution: {integrity: sha512-bpIGX+ov9PhJYV+wHNXl9rzq4F0QvILiURn0y0oepbQx+7stmQsKA0DhPGwmhfvF856wq+gbM8L92SAa/CBcLg==}
    engines: {node: ^20.19.0 || >=22.12.0}
    cpu: [arm64]
    os: [linux]
    requiresBuild: true
    dev: true
    optional: true

  /@rolldown/binding-linux-arm64-musl@1.0.0-beta.53:
    resolution: {integrity: sha512-bGe5EBB8FVjHBR1mOLOPEFg1Lp3//7geqWkU5NIhxe+yH0W8FVrQ6WRYOap4SUTKdklD/dC4qPLREkMMQ855FA==}
    engines: {node: ^20.19.0 || >=22.12.0}
    cpu: [arm64]
    os: [linux]
    requiresBuild: true
    dev: true
    optional: true

  /@rolldown/binding-linux-x64-gnu@1.0.0-beta.53:
    resolution: {integrity: sha512-qL+63WKVQs1CMvFedlPt0U9PiEKJOAL/bsHMKUDS6Vp2Q+YAv/QLPu8rcvkfIMvQ0FPU2WL0aX4eWwF6e/GAnA==}
    engines: {node: ^20.19.0 || >=22.12.0}
    cpu: [x64]
    os: [linux]
    requiresBuild: true
    dev: true
    optional: true

  /@rolldown/binding-linux-x64-musl@1.0.0-beta.53:
    resolution: {integrity: sha512-VGl9JIGjoJh3H8Mb+7xnVqODajBmrdOOb9lxWXdcmxyI+zjB2sux69br0hZJDTyLJfvBoYm439zPACYbCjGRmw==}
    engines: {node: ^20.19.0 || >=22.12.0}
    cpu: [x64]
    os: [linux]
    requiresBuild: true
    dev: true
    optional: true

  /@rolldown/binding-openharmony-arm64@1.0.0-beta.53:
    resolution: {integrity: sha512-B4iIserJXuSnNzA5xBLFUIjTfhNy7d9sq4FUMQY3GhQWGVhS2RWWzzDnkSU6MUt7/aHUrep0CdQfXUJI9D3W7A==}
    engines: {node: ^20.19.0 || >=22.12.0}
    cpu: [arm64]
    os: [openharmony]
    requiresBuild: true
    dev: true
    optional: true

  /@rolldown/binding-wasm32-wasi@1.0.0-beta.53:
    resolution: {integrity: sha512-BUjAEgpABEJXilGq/BPh7jeU3WAJ5o15c1ZEgHaDWSz3LB881LQZnbNJHmUiM4d1JQWMYYyR1Y490IBHi2FPJg==}
    engines: {node: '>=14.0.0'}
    cpu: [wasm32]
    requiresBuild: true
    dependencies:
      '@napi-rs/wasm-runtime': 1.1.0
    dev: true
    optional: true

  /@rolldown/binding-win32-arm64-msvc@1.0.0-beta.53:
    resolution: {integrity: sha512-s27uU7tpCWSjHBnxyVXHt3rMrQdJq5MHNv3BzsewCIroIw3DJFjMH1dzCPPMUFxnh1r52Nf9IJ/eWp6LDoyGcw==}
    engines: {node: ^20.19.0 || >=22.12.0}
    cpu: [arm64]
    os: [win32]
    requiresBuild: true
    dev: true
    optional: true

  /@rolldown/binding-win32-x64-msvc@1.0.0-beta.53:
    resolution: {integrity: sha512-cjWL/USPJ1g0en2htb4ssMjIycc36RvdQAx1WlXnS6DpULswiUTVXPDesTifSKYSyvx24E0YqQkEm0K/M2Z/AA==}
    engines: {node: ^20.19.0 || >=22.12.0}
    cpu: [x64]
    os: [win32]
    requiresBuild: true
    dev: true
    optional: true

  /@rolldown/pluginutils@1.0.0-beta.53:
    resolution: {integrity: sha512-vENRlFU4YbrwVqNDZ7fLvy+JR1CRkyr01jhSiDpE1u6py3OMzQfztQU2jxykW3ALNxO4kSlqIDeYyD0Y9RcQeQ==}
    dev: true

  /@rollup/rollup-android-arm-eabi@4.53.5:
    resolution: {integrity: sha512-iDGS/h7D8t7tvZ1t6+WPK04KD0MwzLZrG0se1hzBjSi5fyxlsiggoJHwh18PCFNn7tG43OWb6pdZ6Y+rMlmyNQ==}
    cpu: [arm]
    os: [android]
    requiresBuild: true
    dev: true
    optional: true

  /@rollup/rollup-android-arm64@4.53.5:
    resolution: {integrity: sha512-wrSAViWvZHBMMlWk6EJhvg8/rjxzyEhEdgfMMjREHEq11EtJ6IP6yfcCH57YAEca2Oe3FNCE9DSTgU70EIGmVw==}
    cpu: [arm64]
    os: [android]
    requiresBuild: true
    dev: true
    optional: true

  /@rollup/rollup-darwin-arm64@4.53.5:
    resolution: {integrity: sha512-S87zZPBmRO6u1YXQLwpveZm4JfPpAa6oHBX7/ghSiGH3rz/KDgAu1rKdGutV+WUI6tKDMbaBJomhnT30Y2t4VQ==}
    cpu: [arm64]
    os: [darwin]
    requiresBuild: true
    dev: true
    optional: true

  /@rollup/rollup-darwin-x64@4.53.5:
    resolution: {integrity: sha512-YTbnsAaHo6VrAczISxgpTva8EkfQus0VPEVJCEaboHtZRIb6h6j0BNxRBOwnDciFTZLDPW5r+ZBmhL/+YpTZgA==}
    cpu: [x64]
    os: [darwin]
    requiresBuild: true
    dev: true
    optional: true

  /@rollup/rollup-freebsd-arm64@4.53.5:
    resolution: {integrity: sha512-1T8eY2J8rKJWzaznV7zedfdhD1BqVs1iqILhmHDq/bqCUZsrMt+j8VCTHhP0vdfbHK3e1IQ7VYx3jlKqwlf+vw==}
    cpu: [arm64]
    os: [freebsd]
    requiresBuild: true
    dev: true
    optional: true

  /@rollup/rollup-freebsd-x64@4.53.5:
    resolution: {integrity: sha512-sHTiuXyBJApxRn+VFMaw1U+Qsz4kcNlxQ742snICYPrY+DDL8/ZbaC4DVIB7vgZmp3jiDaKA0WpBdP0aqPJoBQ==}
    cpu: [x64]
    os: [freebsd]
    requiresBuild: true
    dev: true
    optional: true

  /@rollup/rollup-linux-arm-gnueabihf@4.53.5:
    resolution: {integrity: sha512-dV3T9MyAf0w8zPVLVBptVlzaXxka6xg1f16VAQmjg+4KMSTWDvhimI/Y6mp8oHwNrmnmVl9XxJ/w/mO4uIQONA==}
    cpu: [arm]
    os: [linux]
    requiresBuild: true
    dev: true
    optional: true

  /@rollup/rollup-linux-arm-musleabihf@4.53.5:
    resolution: {integrity: sha512-wIGYC1x/hyjP+KAu9+ewDI+fi5XSNiUi9Bvg6KGAh2TsNMA3tSEs+Sh6jJ/r4BV/bx/CyWu2ue9kDnIdRyafcQ==}
    cpu: [arm]
    os: [linux]
    requiresBuild: true
    dev: true
    optional: true

  /@rollup/rollup-linux-arm64-gnu@4.53.5:
    resolution: {integrity: sha512-Y+qVA0D9d0y2FRNiG9oM3Hut/DgODZbU9I8pLLPwAsU0tUKZ49cyV1tzmB/qRbSzGvY8lpgGkJuMyuhH7Ma+Vg==}
    cpu: [arm64]
    os: [linux]
    requiresBuild: true
    dev: true
    optional: true

  /@rollup/rollup-linux-arm64-musl@4.53.5:
    resolution: {integrity: sha512-juaC4bEgJsyFVfqhtGLz8mbopaWD+WeSOYr5E16y+1of6KQjc0BpwZLuxkClqY1i8sco+MdyoXPNiCkQou09+g==}
    cpu: [arm64]
    os: [linux]
    requiresBuild: true
    dev: true
    optional: true

  /@rollup/rollup-linux-loong64-gnu@4.53.5:
    resolution: {integrity: sha512-rIEC0hZ17A42iXtHX+EPJVL/CakHo+tT7W0pbzdAGuWOt2jxDFh7A/lRhsNHBcqL4T36+UiAgwO8pbmn3dE8wA==}
    cpu: [loong64]
    os: [linux]
    requiresBuild: true
    dev: true
    optional: true

  /@rollup/rollup-linux-ppc64-gnu@4.53.5:
    resolution: {integrity: sha512-T7l409NhUE552RcAOcmJHj3xyZ2h7vMWzcwQI0hvn5tqHh3oSoclf9WgTl+0QqffWFG8MEVZZP1/OBglKZx52Q==}
    cpu: [ppc64]
    os: [linux]
    requiresBuild: true
    dev: true
    optional: true

  /@rollup/rollup-linux-riscv64-gnu@4.53.5:
    resolution: {integrity: sha512-7OK5/GhxbnrMcxIFoYfhV/TkknarkYC1hqUw1wU2xUN3TVRLNT5FmBv4KkheSG2xZ6IEbRAhTooTV2+R5Tk0lQ==}
    cpu: [riscv64]
    os: [linux]
    requiresBuild: true
    dev: true
    optional: true

  /@rollup/rollup-linux-riscv64-musl@4.53.5:
    resolution: {integrity: sha512-GwuDBE/PsXaTa76lO5eLJTyr2k8QkPipAyOrs4V/KJufHCZBJ495VCGJol35grx9xryk4V+2zd3Ri+3v7NPh+w==}
    cpu: [riscv64]
    os: [linux]
    requiresBuild: true
    dev: true
    optional: true

  /@rollup/rollup-linux-s390x-gnu@4.53.5:
    resolution: {integrity: sha512-IAE1Ziyr1qNfnmiQLHBURAD+eh/zH1pIeJjeShleII7Vj8kyEm2PF77o+lf3WTHDpNJcu4IXJxNO0Zluro8bOw==}
    cpu: [s390x]
    os: [linux]
    requiresBuild: true
    dev: true
    optional: true

  /@rollup/rollup-linux-x64-gnu@4.53.5:
    resolution: {integrity: sha512-Pg6E+oP7GvZ4XwgRJBuSXZjcqpIW3yCBhK4BcsANvb47qMvAbCjR6E+1a/U2WXz1JJxp9/4Dno3/iSJLcm5auw==}
    cpu: [x64]
    os: [linux]
    requiresBuild: true
    dev: true
    optional: true

  /@rollup/rollup-linux-x64-musl@4.53.5:
    resolution: {integrity: sha512-txGtluxDKTxaMDzUduGP0wdfng24y1rygUMnmlUJ88fzCCULCLn7oE5kb2+tRB+MWq1QDZT6ObT5RrR8HFRKqg==}
    cpu: [x64]
    os: [linux]
    requiresBuild: true
    dev: true
    optional: true

  /@rollup/rollup-openharmony-arm64@4.53.5:
    resolution: {integrity: sha512-3DFiLPnTxiOQV993fMc+KO8zXHTcIjgaInrqlG8zDp1TlhYl6WgrOHuJkJQ6M8zHEcntSJsUp1XFZSY8C1DYbg==}
    cpu: [arm64]
    os: [openharmony]
    requiresBuild: true
    dev: true
    optional: true

  /@rollup/rollup-win32-arm64-msvc@4.53.5:
    resolution: {integrity: sha512-nggc/wPpNTgjGg75hu+Q/3i32R00Lq1B6N1DO7MCU340MRKL3WZJMjA9U4K4gzy3dkZPXm9E1Nc81FItBVGRlA==}
    cpu: [arm64]
    os: [win32]
    requiresBuild: true
    dev: true
    optional: true

  /@rollup/rollup-win32-ia32-msvc@4.53.5:
    resolution: {integrity: sha512-U/54pTbdQpPLBdEzCT6NBCFAfSZMvmjr0twhnD9f4EIvlm9wy3jjQ38yQj1AGznrNO65EWQMgm/QUjuIVrYF9w==}
    cpu: [ia32]
    os: [win32]
    requiresBuild: true
    dev: true
    optional: true

  /@rollup/rollup-win32-x64-gnu@4.53.5:
    resolution: {integrity: sha512-2NqKgZSuLH9SXBBV2dWNRCZmocgSOx8OJSdpRaEcRlIfX8YrKxUT6z0F1NpvDVhOsl190UFTRh2F2WDWWCYp3A==}
    cpu: [x64]
    os: [win32]
    requiresBuild: true
    dev: true
    optional: true

  /@rollup/rollup-win32-x64-msvc@4.53.5:
    resolution: {integrity: sha512-JRpZUhCfhZ4keB5v0fe02gQJy05GqboPOaxvjugW04RLSYYoB/9t2lx2u/tMs/Na/1NXfY8QYjgRljRpN+MjTQ==}
    cpu: [x64]
    os: [win32]
    requiresBuild: true
    dev: true
    optional: true

  /@tybys/wasm-util@0.10.1:
    resolution: {integrity: sha512-9tTaPJLSiejZKx+Bmog4uSubteqTvFrVrURwkmHixBo0G4seD0zUxp98E1DzUBJxLQ3NPwXrGKDiVjwx/DpPsg==}
    requiresBuild: true
    dependencies:
      tslib: 2.8.1
    dev: true
    optional: true

  /@types/estree@1.0.8:
    resolution: {integrity: sha512-dWHzHa2WqEXI/O1E9OjrocMTKJl2mSrEolh1Iomrv6U+JuNwaHXsXx9bLu5gG7BUWFIN0skIQJQ/L1rIex4X6w==}
    dev: true

  /@types/node@22.19.3:
    resolution: {integrity: sha512-1N9SBnWYOJTrNZCdh/yJE+t910Y128BoyY+zBLWhL3r0TYzlTmFdXrPwHL9DyFZmlEXNQQolTZh3KHV31QDhyA==}
    dependencies:
      undici-types: 6.21.0
    dev: true

  /ansis@4.2.0:
    resolution: {integrity: sha512-HqZ5rWlFjGiV0tDm3UxxgNRqsOTniqoKZu0pIAfh7TZQMGuZK+hH0drySty0si0QXj1ieop4+SkSfPZBPPkHig==}
    engines: {node: '>=14'}
    dev: true

  /ast-kit@2.2.0:
    resolution: {integrity: sha512-m1Q/RaVOnTp9JxPX+F+Zn7IcLYMzM8kZofDImfsKZd8MbR+ikdOzTeztStWqfrqIxZnYWryyI9ePm3NGjnZgGw==}
    engines: {node: '>=20.19.0'}
    dependencies:
      '@babel/parser': 7.28.5
      pathe: 2.0.3
    dev: true

  /birpc@3.0.0:
    resolution: {integrity: sha512-by+04pHuxpCEQcucAXqzopqfhyI8TLK5Qg5MST0cB6MP+JhHna9ollrtK9moVh27aq6Q6MEJgebD0cVm//yBkg==}
    dev: true

  /cac@6.7.14:
    resolution: {integrity: sha512-b6Ilus+c3RrdDk+JhLKUAQfzzgLEPy6wcXqS7f/xe1EETvsDP6GORG7SFuOs6cID5YkqchW/LXZbX5bc8j7ZcQ==}
    engines: {node: '>=8'}
    dev: true

  /defu@6.1.4:
    resolution: {integrity: sha512-mEQCMmwJu317oSz8CwdIOdwf3xMif1ttiM8LTufzc3g6kR+9Pe236twL8j3IYT1F7GfRgGcW6MWxzZjLIkuHIg==}
    dev: true

  /dts-resolver@2.1.3:
    resolution: {integrity: sha512-bihc7jPC90VrosXNzK0LTE2cuLP6jr0Ro8jk+kMugHReJVLIpHz/xadeq3MhuwyO4TD4OA3L1Q8pBBFRc08Tsw==}
    engines: {node: '>=20.19.0'}
    peerDependencies:
      oxc-resolver: '>=11.0.0'
    peerDependenciesMeta:
      oxc-resolver:
        optional: true
    dev: true

  /empathic@2.0.0:
    resolution: {integrity: sha512-i6UzDscO/XfAcNYD75CfICkmfLedpyPDdozrLMmQc5ORaQcdMoc21OnlEylMIqI7U8eniKrPMxxtj8k0vhmJhA==}
    engines: {node: '>=14'}
    dev: true

  /esbuild@0.27.1:
    resolution: {integrity: sha512-yY35KZckJJuVVPXpvjgxiCuVEJT67F6zDeVTv4rizyPrfGBUpZQsvmxnN+C371c2esD/hNMjj4tpBhuueLN7aA==}
    engines: {node: '>=18'}
    requiresBuild: true
    optionalDependencies:
      '@esbuild/aix-ppc64': 0.27.1
      '@esbuild/android-arm': 0.27.1
      '@esbuild/android-arm64': 0.27.1
      '@esbuild/android-x64': 0.27.1
      '@esbuild/darwin-arm64': 0.27.1
      '@esbuild/darwin-x64': 0.27.1
      '@esbuild/freebsd-arm64': 0.27.1
      '@esbuild/freebsd-x64': 0.27.1
      '@esbuild/linux-arm': 0.27.1
      '@esbuild/linux-arm64': 0.27.1
      '@esbuild/linux-ia32': 0.27.1
      '@esbuild/linux-loong64': 0.27.1
      '@esbuild/linux-mips64el': 0.27.1
      '@esbuild/linux-ppc64': 0.27.1
      '@esbuild/linux-riscv64': 0.27.1
      '@esbuild/linux-s390x': 0.27.1
      '@esbuild/linux-x64': 0.27.1
      '@esbuild/netbsd-arm64': 0.27.1
      '@esbuild/netbsd-x64': 0.27.1
      '@esbuild/openbsd-arm64': 0.27.1
      '@esbuild/openbsd-x64': 0.27.1
      '@esbuild/openharmony-arm64': 0.27.1
      '@esbuild/sunos-x64': 0.27.1
      '@esbuild/win32-arm64': 0.27.1
      '@esbuild/win32-ia32': 0.27.1
      '@esbuild/win32-x64': 0.27.1
    dev: true

  /fdir@6.5.0(picomatch@4.0.3):
    resolution: {integrity: sha512-tIbYtZbucOs0BRGqPJkshJUYdL+SDH7dVM8gjy+ERp3WAUjLEFJE+02kanyHtwjWOnwrKYBiwAmM0p4kLJAnXg==}
    engines: {node: '>=12.0.0'}
    peerDependencies:
      picomatch: ^3 || ^4
    peerDependenciesMeta:
      picomatch:
        optional: true
    dependencies:
      picomatch: 4.0.3
    dev: true

  /fsevents@2.3.3:
    resolution: {integrity: sha512-5xoDfX+fL7faATnagmWPpbFtwh/R77WmMMqqHGS65C3vvB0YHrgF+B1YmZ3441tMj5n63k0212XNoJwzlhffQw==}
    engines: {node: ^8.16.0 || ^10.6.0 || >=11.0.0}
    os: [darwin]
    requiresBuild: true
    dev: true
    optional: true

  /get-tsconfig@4.13.0:
    resolution: {integrity: sha512-1VKTZJCwBrvbd+Wn3AOgQP/2Av+TfTCOlE4AcRJE72W1ksZXbAx8PPBR9RzgTeSPzlPMHrbANMH3LbltH73wxQ==}
    dependencies:
      resolve-pkg-maps: 1.0.0
    dev: true

  /hookable@5.5.3:
    resolution: {integrity: sha512-Yc+BQe8SvoXH1643Qez1zqLRmbA5rCL+sSmk6TVos0LWVfNIB7PGncdlId77WzLGSIB5KaWgTaNTs2lNVEI6VQ==}
    dev: true

  /import-without-cache@0.2.4:
    resolution: {integrity: sha512-b/Ke0y4n26ffQhkLvgBxV/NVO/QEE6AZlrMj8DYuxBWNAAu4iMQWZTFWzKcCTEmv7VQ0ae0j8KwrlGzSy8sYQQ==}
    engines: {node: '>=20.19.0'}
    dev: true

  /jsesc@3.1.0:
    resolution: {integrity: sha512-/sM3dO2FOzXjKQhJuo0Q173wf2KOo8t4I8vHy6lF9poUp7bKT0/NHE8fPX23PwfhnykfqnC2xRxOnVw5XuGIaA==}
    engines: {node: '>=6'}
    dev: true

  /magic-string@0.30.21:
    resolution: {integrity: sha512-vd2F4YUyEXKGcLHoq+TEyCjxueSeHnFxyyjNp80yg0XV4vUhnDer/lvvlqM/arB5bXQN5K2/3oinyCRyx8T2CQ==}
    dependencies:
      '@jridgewell/sourcemap-codec': 1.5.5
    dev: true

  /nanoid@3.3.11:
    resolution: {integrity: sha512-N8SpfPUnUp1bK+PMYW8qSWdl9U+wwNWI4QKxOYDy9JAro3WMX7p2OeVRF9v+347pnakNevPmiHhNmZ2HbFA76w==}
    engines: {node: ^10 || ^12 || ^13.7 || ^14 || >=15.0.1}
    dev: true

  /obug@2.1.1:
    resolution: {integrity: sha512-uTqF9MuPraAQ+IsnPf366RG4cP9RtUi7MLO1N3KEc+wb0a6yKpeL0lmk2IB1jY5KHPAlTc6T/JRdC/YqxHNwkQ==}
    dev: true

  /pathe@2.0.3:
    resolution: {integrity: sha512-WUjGcAqP1gQacoQe+OBJsFA7Ld4DyXuUIjZ5cc75cLHvJ7dtNsTugphxIADwspS+AraAUePCKrSVtPLFj/F88w==}
    dev: true

  /picocolors@1.1.1:
    resolution: {integrity: sha512-xceH2snhtb5M9liqDsmEw56le376mTZkEX/jEb/RxNFyegNul7eNslCXP9FDj/Lcu0X8KEyMceP2ntpaHrDEVA==}

  /picomatch@4.0.3:
    resolution: {integrity: sha512-5gTmgEY/sqK6gFXLIsQNH19lWb4ebPDLA4SdLP7dsWkIXHWlG66oPuVvXSGFPppYZz8ZDZq0dYYrbHfBCVUb1Q==}
    engines: {node: '>=12'}
    dev: true

  /postcss@8.5.6:
    resolution: {integrity: sha512-3Ybi1tAuwAP9s0r1UQ2J4n5Y0G05bJkpUIO0/bI9MhwmD70S5aTWbXGBwxHrelT+XM1k6dM0pk+SwNkpTRN7Pg==}
    engines: {node: ^10 || ^12 || >=14}
    dependencies:
      nanoid: 3.3.11
      picocolors: 1.1.1
      source-map-js: 1.2.1
    dev: true

  /prettier@3.7.4:
    resolution: {integrity: sha512-v6UNi1+3hSlVvv8fSaoUbggEM5VErKmmpGA7Pl3HF8V6uKY7rvClBOJlH6yNwQtfTueNkGVpOv/mtWL9L4bgRA==}
    engines: {node: '>=14'}
    hasBin: true
    dev: true

  /quansync@1.0.0:
    resolution: {integrity: sha512-5xZacEEufv3HSTPQuchrvV6soaiACMFnq1H8wkVioctoH3TRha9Sz66lOxRwPK/qZj7HPiSveih9yAyh98gvqA==}
    dev: true

  /resolve-pkg-maps@1.0.0:
    resolution: {integrity: sha512-seS2Tj26TBVOC2NIc2rOe2y2ZO7efxITtLZcGSOnHHNOQ7CkiUBfw0Iw2ck6xkIhPwLhKNLS8BO+hEpngQlqzw==}
    dev: true

  /rolldown-plugin-dts@0.18.3(rolldown@1.0.0-beta.53)(typescript@5.9.3):
    resolution: {integrity: sha512-rd1LZ0Awwfyn89UndUF/HoFF4oH9a5j+2ZeuKSJYM80vmeN/p0gslYMnHTQHBEXPhUlvAlqGA3tVgXB/1qFNDg==}
    engines: {node: '>=20.19.0'}
    peerDependencies:
      '@ts-macro/tsc': ^0.3.6
      '@typescript/native-preview': '>=7.0.0-dev.20250601.1'
      rolldown: ^1.0.0-beta.51
      typescript: ^5.0.0
      vue-tsc: ~3.1.0
    peerDependenciesMeta:
      '@ts-macro/tsc':
        optional: true
      '@typescript/native-preview':
        optional: true
      typescript:
        optional: true
      vue-tsc:
        optional: true
    dependencies:
      '@babel/generator': 7.28.5
      '@babel/parser': 7.28.5
      '@babel/types': 7.28.5
      ast-kit: 2.2.0
      birpc: 3.0.0
      dts-resolver: 2.1.3
      get-tsconfig: 4.13.0
      magic-string: 0.30.21
      obug: 2.1.1
      rolldown: 1.0.0-beta.53
      typescript: 5.9.3
    transitivePeerDependencies:
      - oxc-resolver
    dev: true

  /rolldown@1.0.0-beta.53:
    resolution: {integrity: sha512-Qd9c2p0XKZdgT5AYd+KgAMggJ8ZmCs3JnS9PTMWkyUfteKlfmKtxJbWTHkVakxwXs1Ub7jrRYVeFeF7N0sQxyw==}
    engines: {node: ^20.19.0 || >=22.12.0}
    dependencies:
      '@oxc-project/types': 0.101.0
      '@rolldown/pluginutils': 1.0.0-beta.53
    optionalDependencies:
      '@rolldown/binding-android-arm64': 1.0.0-beta.53
      '@rolldown/binding-darwin-arm64': 1.0.0-beta.53
      '@rolldown/binding-darwin-x64': 1.0.0-beta.53
      '@rolldown/binding-freebsd-x64': 1.0.0-beta.53
      '@rolldown/binding-linux-arm-gnueabihf': 1.0.0-beta.53
      '@rolldown/binding-linux-arm64-gnu': 1.0.0-beta.53
      '@rolldown/binding-linux-arm64-musl': 1.0.0-beta.53
      '@rolldown/binding-linux-x64-gnu': 1.0.0-beta.53
      '@rolldown/binding-linux-x64-musl': 1.0.0-beta.53
      '@rolldown/binding-openharmony-arm64': 1.0.0-beta.53
      '@rolldown/binding-wasm32-wasi': 1.0.0-beta.53
      '@rolldown/binding-win32-arm64-msvc': 1.0.0-beta.53
      '@rolldown/binding-win32-x64-msvc': 1.0.0-beta.53
    dev: true

  /rollup@4.53.5:
    resolution: {integrity: sha512-iTNAbFSlRpcHeeWu73ywU/8KuU/LZmNCSxp6fjQkJBD3ivUb8tpDrXhIxEzA05HlYMEwmtaUnb3RP+YNv162OQ==}
    engines: {node: '>=18.0.0', npm: '>=8.0.0'}
    dependencies:
      '@types/estree': 1.0.8
    optionalDependencies:
      '@rollup/rollup-android-arm-eabi': 4.53.5
      '@rollup/rollup-android-arm64': 4.53.5
      '@rollup/rollup-darwin-arm64': 4.53.5
      '@rollup/rollup-darwin-x64': 4.53.5
      '@rollup/rollup-freebsd-arm64': 4.53.5
      '@rollup/rollup-freebsd-x64': 4.53.5
      '@rollup/rollup-linux-arm-gnueabihf': 4.53.5
      '@rollup/rollup-linux-arm-musleabihf': 4.53.5
      '@rollup/rollup-linux-arm64-gnu': 4.53.5
      '@rollup/rollup-linux-arm64-musl': 4.53.5
      '@rollup/rollup-linux-loong64-gnu': 4.53.5
      '@rollup/rollup-linux-ppc64-gnu': 4.53.5
      '@rollup/rollup-linux-riscv64-gnu': 4.53.5
      '@rollup/rollup-linux-riscv64-musl': 4.53.5
      '@rollup/rollup-linux-s390x-gnu': 4.53.5
      '@rollup/rollup-linux-x64-gnu': 4.53.5
      '@rollup/rollup-linux-x64-musl': 4.53.5
      '@rollup/rollup-openharmony-arm64': 4.53.5
      '@rollup/rollup-win32-arm64-msvc': 4.53.5
      '@rollup/rollup-win32-ia32-msvc': 4.53.5
      '@rollup/rollup-win32-x64-gnu': 4.53.5
      '@rollup/rollup-win32-x64-msvc': 4.53.5
      fsevents: 2.3.3
    dev: true

  /semver@7.7.3:
    resolution: {integrity: sha512-SdsKMrI9TdgjdweUSR9MweHA4EJ8YxHn8DFaDisvhVlUOe4BF1tLD7GAj0lIqWVl+dPb/rExr0Btby5loQm20Q==}
    engines: {node: '>=10'}
    dev: true

  /source-map-js@1.2.1:
    resolution: {integrity: sha512-UXWMKhLOwVKb728IUtQPXxfYU+usdybtUrK/8uGE8CQMvrhOpwvzDBwj0QhSL7MQc7vIsISBG8VQ8+IDQxpfQA==}
    engines: {node: '>=0.10.0'}
    dev: true

  /tinyexec@1.0.2:
    resolution: {integrity: sha512-W/KYk+NFhkmsYpuHq5JykngiOCnxeVL8v8dFnqxSD8qEEdRfXk1SDM6JzNqcERbcGYj9tMrDQBYV9cjgnunFIg==}
    engines: {node: '>=18'}
    dev: true

  /tinyglobby@0.2.15:
    resolution: {integrity: sha512-j2Zq4NyQYG5XMST4cbs02Ak8iJUdxRM0XI5QyxXuZOzKOINmWurp3smXu3y5wDcJrptwpSjgXHzIQxR0omXljQ==}
    engines: {node: '>=12.0.0'}
    dependencies:
      fdir: 6.5.0(picomatch@4.0.3)
      picomatch: 4.0.3
    dev: true

  /tree-kill@1.2.2:
    resolution: {integrity: sha512-L0Orpi8qGpRG//Nd+H90vFB+3iHnue1zSSGmNOOCh1GLJ7rUKVwV2HvijphGQS2UmhUZewS9VgvxYIdgr+fG1A==}
    dev: true

  /tsdown@0.18.0(typescript@5.9.3):
    resolution: {integrity: sha512-Yotdh3NzizysnqR96xfpHFYtEntk1cZvSRHz8A+Pn3ZHNdTQa4fBQxh6HHzWZwfjdQv47xb7GCv6vEWMtxBirw==}
    engines: {node: '>=20.19.0'}
    hasBin: true
    peerDependencies:
      '@arethetypeswrong/core': ^0.18.1
      '@vitejs/devtools': ^0.0.0-alpha.19
      publint: ^0.3.0
      typescript: ^5.0.0
      unplugin-lightningcss: ^0.4.0
      unplugin-unused: ^0.5.0
    peerDependenciesMeta:
      '@arethetypeswrong/core':
        optional: true
      '@vitejs/devtools':
        optional: true
      publint:
        optional: true
      typescript:
        optional: true
      unplugin-lightningcss:
        optional: true
      unplugin-unused:
        optional: true
    dependencies:
      ansis: 4.2.0
      cac: 6.7.14
      defu: 6.1.4
      empathic: 2.0.0
      hookable: 5.5.3
      import-without-cache: 0.2.4
      obug: 2.1.1
      rolldown: 1.0.0-beta.53
      rolldown-plugin-dts: 0.18.3(rolldown@1.0.0-beta.53)(typescript@5.9.3)
      semver: 7.7.3
      tinyexec: 1.0.2
      tinyglobby: 0.2.15
      tree-kill: 1.2.2
      typescript: 5.9.3
      unconfig-core: 7.4.2
      unrun: 0.2.19
    transitivePeerDependencies:
      - '@ts-macro/tsc'
      - '@typescript/native-preview'
      - oxc-resolver
      - synckit
      - vue-tsc
    dev: true

  /tslib@2.8.1:
    resolution: {integrity: sha512-oJFu94HQb+KVduSUQL7wnpmqnfmLsOA/nAh6b6EH0wCEoK0/mPeXU6c3wKDV83MkOuHPRHtSXKKU99IBazS/2w==}
    requiresBuild: true
    dev: true
    optional: true

  /typescript@5.9.3:
    resolution: {integrity: sha512-jl1vZzPDinLr9eUt3J/t7V6FgNEw9QjvBPdysz9KfQDD41fQrC2Y4vKQdiaUpFT4bXlb1RHhLpp8wtm6M5TgSw==}
    engines: {node: '>=14.17'}
    dev: true

  /unconfig-core@7.4.2:
    resolution: {integrity: sha512-VgPCvLWugINbXvMQDf8Jh0mlbvNjNC6eSUziHsBCMpxR05OPrNrvDnyatdMjRgcHaaNsCqz+wjNXxNw1kRLHUg==}
    dependencies:
      '@quansync/fs': 1.0.0
      quansync: 1.0.0
    dev: true

  /undici-types@6.21.0:
    resolution: {integrity: sha512-iwDZqg0QAGrg9Rav5H4n0M64c3mkR59cJ6wQp+7C4nI0gsmExaedaYLNO44eT4AtBBwjbTiGPMlt2Md0T9H9JQ==}
    dev: true

  /unrun@0.2.19:
    resolution: {integrity: sha512-DbwbJ9BvPEb3BeZnIpP9S5tGLO/JIgPQ3JrpMRFIfZMZfMG19f26OlLbC2ml8RRdrI2ZA7z2t+at5tsIHbh6Qw==}
    engines: {node: '>=20.19.0'}
    hasBin: true
    peerDependencies:
      synckit: ^0.11.11
    peerDependenciesMeta:
      synckit:
        optional: true
    dependencies:
      rolldown: 1.0.0-beta.53
    dev: true

  /vite@7.3.0(@types/node@22.19.3):
    resolution: {integrity: sha512-dZwN5L1VlUBewiP6H9s2+B3e3Jg96D0vzN+Ry73sOefebhYr9f94wwkMNN/9ouoU8pV1BqA1d1zGk8928cx0rg==}
    engines: {node: ^20.19.0 || >=22.12.0}
    hasBin: true
    peerDependencies:
      '@types/node': ^20.19.0 || >=22.12.0
      jiti: '>=1.21.0'
      less: ^4.0.0
      lightningcss: ^1.21.0
      sass: ^1.70.0
      sass-embedded: ^1.70.0
      stylus: '>=0.54.8'
      sugarss: ^5.0.0
      terser: ^5.16.0
      tsx: ^4.8.1
      yaml: ^2.4.2
    peerDependenciesMeta:
      '@types/node':
        optional: true
      jiti:
        optional: true
      less:
        optional: true
      lightningcss:
        optional: true
      sass:
        optional: true
      sass-embedded:
        optional: true
      stylus:
        optional: true
      sugarss:
        optional: true
      terser:
        optional: true
      tsx:
        optional: true
      yaml:
        optional: true
    dependencies:
      '@types/node': 22.19.3
      esbuild: 0.27.1
      fdir: 6.5.0(picomatch@4.0.3)
      picomatch: 4.0.3
      postcss: 8.5.6
      rollup: 4.53.5
      tinyglobby: 0.2.15
    optionalDependencies:
      fsevents: 2.3.3
    dev: true
